
Microsoft Visual Studio Solution File, Format Version 12.00
# Visual Studio Version 17
VisualStudioVersion = 17.7.34202.233
MinimumVisualStudioVersion = 10.0.40219.1
Project("{9A19103F-16F7-4668-BE54-9A1E7A4F7556}") = "CalcularMedia", "Aula02-App01\CalcularMedia.csproj", "{DE338129-E391-42C4-A825-E5E59F320BDC}"
EndProject
Global
	GlobalSection(SolutionConfigurationPlatforms) = preSolution
		Debug|Any CPU = Debug|Any CPU
		Release|Any CPU = Release|Any CPU
	EndGlobalSection
	GlobalSection(ProjectConfigurationPlatforms) = postSolution
		{DE338129-E391-42C4-A825-E5E59F320BDC}.Debug|Any CPU.ActiveCfg = Debug|Any CPU
		{DE338129-E391-42C4-A825-E5E59F320BDC}.Debug|Any CPU.Build.0 = Debug|Any CPU
		{DE338129-E391-42C4-A825-E5E59F320BDC}.Release|Any CPU.ActiveCfg = Release|Any CPU
		{DE338129-E391-42C4-A825-E5E59F320BDC}.Release|Any CPU.Build.0 = Release|Any CPU
	EndGlobalSection
	GlobalSection(SolutionProperties) = preSolution
		HideSolutionNode = FALSE
	EndGlobalSection
	GlobalSection(ExtensibilityGlobals) = postSolution
		SolutionGuid = {91EC9473-3DD7-4D3F-9CF4-AC3A31C207CD}
	EndGlobalSection
EndGlobal
